
Microsoft Visual Studio Solution File, Format Version 12.00
# Visual Studio Version 17
VisualStudioVersion = 17.10.35013.160
MinimumVisualStudioVersion = 10.0.40219.1
Project("{8BC9CEB8-8B4A-11D0-8D11-00A0C91BC942}") = "TaskIntruder", "TaskIntruder\TaskIntruder.vcxproj", "{9CAB92F2-801E-4451-9C35-F21167BBD2F4}"
EndProject
Global
	GlobalSection(SolutionConfigurationPlatforms) = preSolution
		Debug|x64 = Debug|x64
		Release|x64 = Release|x64
	EndGlobalSection
	GlobalSection(ProjectConfigurationPlatforms) = postSolution
		{9CAB92F2-801E-4451-9C35-F21167BBD2F4}.Debug|x64.ActiveCfg = Debug|x64
		{9CAB92F2-801E-4451-9C35-F21167BBD2F4}.Debug|x64.Build.0 = Debug|x64
		{9CAB92F2-801E-4451-9C35-F21167BBD2F4}.Release|x64.ActiveCfg = Release|x64
		{9CAB92F2-801E-4451-9C35-F21167BBD2F4}.Release|x64.Build.0 = Release|x64
	EndGlobalSection
	GlobalSection(SolutionProperties) = preSolution
		HideSolutionNode = FALSE
	EndGlobalSection
	GlobalSection(ExtensibilityGlobals) = postSolution
		SolutionGuid = {16057435-3382-4CC4-B2AD-6C45860FC8B7}
	EndGlobalSection
EndGlobal
